
Microsoft Visual Studio Solution File, Format Version 12.00
# Visual Studio 15
VisualStudioVersion = 15.0.27428.2015
MinimumVisualStudioVersion = 10.0.40219.1
Project("{FAE04EC0-301F-11D3-BF4B-00C04F79EFBC}") = "BeamsFromTextFile", "BeamsFromTextFile\BeamsFromTextFile.csproj", "{38E09C78-2877-443B-AEB6-CBE328966C43}"
EndProject
Global
	GlobalSection(SolutionConfigurationPlatforms) = preSolution
		Debug|Any CPU = Debug|Any CPU
		Release|Any CPU = Release|Any CPU
	EndGlobalSection
	GlobalSection(ProjectConfigurationPlatforms) = postSolution
		{38E09C78-2877-443B-AEB6-CBE328966C43}.Debug|Any CPU.ActiveCfg = Debug|Any CPU
		{38E09C78-2877-443B-AEB6-CBE328966C43}.Debug|Any CPU.Build.0 = Debug|Any CPU
		{38E09C78-2877-443B-AEB6-CBE328966C43}.Release|Any CPU.ActiveCfg = Release|Any CPU
		{38E09C78-2877-443B-AEB6-CBE328966C43}.Release|Any CPU.Build.0 = Release|Any CPU
	EndGlobalSection
	GlobalSection(SolutionProperties) = preSolution
		HideSolutionNode = FALSE
	EndGlobalSection
	GlobalSection(ExtensibilityGlobals) = postSolution
		SolutionGuid = {0E36C83E-399D-4B38-AE9B-8C7BB5FE47A6}
	EndGlobalSection
EndGlobal
